
Microsoft Visual Studio Solution File, Format Version 12.00
# Visual Studio Version 16
VisualStudioVersion = 16.0.34114.132
MinimumVisualStudioVersion = 10.0.40219.1
Project("{FAE04EC0-301F-11D3-BF4B-00C04F79EFBC}") = "QuanLyHocVien_Nhom8", "QuanLyHocVien_Nhom8\QuanLyHocVien_Nhom8.csproj", "{CACA763C-24F0-491B-8587-C10E2A91B95A}"
EndProject
Global
	GlobalSection(SolutionConfigurationPlatforms) = preSolution
		Debug|Any CPU = Debug|Any CPU
		Release|Any CPU = Release|Any CPU
	EndGlobalSection
	GlobalSection(ProjectConfigurationPlatforms) = postSolution
		{CACA763C-24F0-491B-8587-C10E2A91B95A}.Debug|Any CPU.ActiveCfg = Debug|Any CPU
		{CACA763C-24F0-491B-8587-C10E2A91B95A}.Debug|Any CPU.Build.0 = Debug|Any CPU
		{CACA763C-24F0-491B-8587-C10E2A91B95A}.Release|Any CPU.ActiveCfg = Release|Any CPU
		{CACA763C-24F0-491B-8587-C10E2A91B95A}.Release|Any CPU.Build.0 = Release|Any CPU
	EndGlobalSection
	GlobalSection(SolutionProperties) = preSolution
		HideSolutionNode = FALSE
	EndGlobalSection
	GlobalSection(ExtensibilityGlobals) = postSolution
		SolutionGuid = {5B44E367-4DE1-4E76-B5F9-6A1ECCA2CCA0}
	EndGlobalSection
EndGlobal
